
Microsoft Visual Studio Solution File, Format Version 12.00
# Visual Studio 2013
VisualStudioVersion = 12.0.40629.0
MinimumVisualStudioVersion = 10.0.40219.1
Project("{2150E333-8FDC-42A3-9474-1A3956D46DE8}") = "01_Web", "01_Web", "{AFD5AE7D-9A38-427B-A241-2F5EC8F7C270}"
EndProject
Project("{2150E333-8FDC-42A3-9474-1A3956D46DE8}") = "02_Tools", "02_Tools", "{38F9DE96-E502-4AE2-AD47-2CEEB5B034E4}"
EndProject
Project("{2150E333-8FDC-42A3-9474-1A3956D46DE8}") = "03_Library", "03_Library", "{E7A6ED9B-25FD-458B-8FFB-DE2805DCB325}"
EndProject
Project("{2150E333-8FDC-42A3-9474-1A3956D46DE8}") = "01_TelegramBot", "01_TelegramBot", "{9055AC45-B248-498B-91B9-E807ABAA2D4D}"
EndProject
Project("{2150E333-8FDC-42A3-9474-1A3956D46DE8}") = "02_IpcPythonCS", "02_IpcPythonCS", "{1D708BAB-B7D6-4411-BB6E-B9E157920E78}"
EndProject
Project("{FAE04EC0-301F-11D3-BF4B-00C04F79EFBC}") = "TelegramBot.MainListener", "TelegramBot.MainListener\TelegramBot.MainListener.csproj", "{4A295D5E-70C3-4ED0-A4A5-B12C2F7EC1AB}"
EndProject
Project("{FAE04EC0-301F-11D3-BF4B-00C04F79EFBC}") = "TelegramBot.MainListener.Tests", "TelegramBot.MainListener.Tests\TelegramBot.MainListener.Tests.csproj", "{FE29C467-978E-4590-9E59-897F76A0926C}"
EndProject
Project("{2150E333-8FDC-42A3-9474-1A3956D46DE8}") = "04_Test", "04_Test", "{80C5F3D6-3242-4A86-85BB-84BBC660798B}"
EndProject
Project("{FAE04EC0-301F-11D3-BF4B-00C04F79EFBC}") = "TelegramBot.Pilot.WPF", "TelegramBot.Pilot.WPF\TelegramBot.Pilot.WPF.csproj", "{C31E9428-F99B-4280-B328-177B764D4CF0}"
EndProject
Project("{F2A71F9B-5D33-465A-A702-920D77279786}") = "TelegramBot.Tools.Settings", "TelegramBot.Tools.Settings\TelegramBot.Tools.Settings.fsproj", "{3C350E8C-5541-4DD0-A49E-0823945A0022}"
EndProject
Project("{FAE04EC0-301F-11D3-BF4B-00C04F79EFBC}") = "TelegramBot.Util", "TelegramBot.Util\TelegramBot.Util.csproj", "{0C9C99B2-B93B-4585-9DCD-42718894CC69}"
EndProject
Global
	GlobalSection(SolutionConfigurationPlatforms) = preSolution
		Debug|Any CPU = Debug|Any CPU
		Release|Any CPU = Release|Any CPU
	EndGlobalSection
	GlobalSection(ProjectConfigurationPlatforms) = postSolution
		{4A295D5E-70C3-4ED0-A4A5-B12C2F7EC1AB}.Debug|Any CPU.ActiveCfg = Debug|Any CPU
		{4A295D5E-70C3-4ED0-A4A5-B12C2F7EC1AB}.Debug|Any CPU.Build.0 = Debug|Any CPU
		{4A295D5E-70C3-4ED0-A4A5-B12C2F7EC1AB}.Release|Any CPU.ActiveCfg = Release|Any CPU
		{4A295D5E-70C3-4ED0-A4A5-B12C2F7EC1AB}.Release|Any CPU.Build.0 = Release|Any CPU
		{FE29C467-978E-4590-9E59-897F76A0926C}.Debug|Any CPU.ActiveCfg = Debug|Any CPU
		{FE29C467-978E-4590-9E59-897F76A0926C}.Debug|Any CPU.Build.0 = Debug|Any CPU
		{FE29C467-978E-4590-9E59-897F76A0926C}.Release|Any CPU.ActiveCfg = Release|Any CPU
		{FE29C467-978E-4590-9E59-897F76A0926C}.Release|Any CPU.Build.0 = Release|Any CPU
		{C31E9428-F99B-4280-B328-177B764D4CF0}.Debug|Any CPU.ActiveCfg = Debug|Any CPU
		{C31E9428-F99B-4280-B328-177B764D4CF0}.Debug|Any CPU.Build.0 = Debug|Any CPU
		{C31E9428-F99B-4280-B328-177B764D4CF0}.Release|Any CPU.ActiveCfg = Release|Any CPU
		{C31E9428-F99B-4280-B328-177B764D4CF0}.Release|Any CPU.Build.0 = Release|Any CPU
		{3C350E8C-5541-4DD0-A49E-0823945A0022}.Debug|Any CPU.ActiveCfg = Debug|Any CPU
		{3C350E8C-5541-4DD0-A49E-0823945A0022}.Debug|Any CPU.Build.0 = Debug|Any CPU
		{3C350E8C-5541-4DD0-A49E-0823945A0022}.Release|Any CPU.ActiveCfg = Release|Any CPU
		{3C350E8C-5541-4DD0-A49E-0823945A0022}.Release|Any CPU.Build.0 = Release|Any CPU
		{0C9C99B2-B93B-4585-9DCD-42718894CC69}.Debug|Any CPU.ActiveCfg = Debug|Any CPU
		{0C9C99B2-B93B-4585-9DCD-42718894CC69}.Debug|Any CPU.Build.0 = Debug|Any CPU
		{0C9C99B2-B93B-4585-9DCD-42718894CC69}.Release|Any CPU.ActiveCfg = Release|Any CPU
		{0C9C99B2-B93B-4585-9DCD-42718894CC69}.Release|Any CPU.Build.0 = Release|Any CPU
	EndGlobalSection
	GlobalSection(SolutionProperties) = preSolution
		HideSolutionNode = FALSE
	EndGlobalSection
	GlobalSection(NestedProjects) = preSolution
		{9055AC45-B248-498B-91B9-E807ABAA2D4D} = {E7A6ED9B-25FD-458B-8FFB-DE2805DCB325}
		{1D708BAB-B7D6-4411-BB6E-B9E157920E78} = {E7A6ED9B-25FD-458B-8FFB-DE2805DCB325}
		{4A295D5E-70C3-4ED0-A4A5-B12C2F7EC1AB} = {AFD5AE7D-9A38-427B-A241-2F5EC8F7C270}
		{FE29C467-978E-4590-9E59-897F76A0926C} = {80C5F3D6-3242-4A86-85BB-84BBC660798B}
		{C31E9428-F99B-4280-B328-177B764D4CF0} = {38F9DE96-E502-4AE2-AD47-2CEEB5B034E4}
		{3C350E8C-5541-4DD0-A49E-0823945A0022} = {38F9DE96-E502-4AE2-AD47-2CEEB5B034E4}
		{0C9C99B2-B93B-4585-9DCD-42718894CC69} = {9055AC45-B248-498B-91B9-E807ABAA2D4D}
	EndGlobalSection
EndGlobal
